
Microsoft Visual Studio Solution File, Format Version 11.00
# Visual Studio 2010
Project("{FAE04EC0-301F-11D3-BF4B-00C04F79EFBC}") = "Chapter7", "Assembly-CSharp.csproj", "{EDBC4DFE-820C-E16C-7877-6B510A75DA5D}"
EndProject
Global
	GlobalSection(SolutionConfigurationPlatforms) = preSolution
		Debug|Any CPU = Debug|Any CPU
		Release|Any CPU = Release|Any CPU
	EndGlobalSection
	GlobalSection(ProjectConfigurationPlatforms) = postSolution
		{EDBC4DFE-820C-E16C-7877-6B510A75DA5D}.Debug|Any CPU.ActiveCfg = Debug|Any CPU
		{EDBC4DFE-820C-E16C-7877-6B510A75DA5D}.Debug|Any CPU.Build.0 = Debug|Any CPU
		{EDBC4DFE-820C-E16C-7877-6B510A75DA5D}.Release|Any CPU.ActiveCfg = Release|Any CPU
		{EDBC4DFE-820C-E16C-7877-6B510A75DA5D}.Release|Any CPU.Build.0 = Release|Any CPU
	EndGlobalSection
	GlobalSection(SolutionProperties) = preSolution
		HideSolutionNode = FALSE
	EndGlobalSection
	GlobalSection(MonoDevelopProperties) = preSolution
		StartupItem = Assembly-CSharp.csproj
	EndGlobalSection
EndGlobal
